
Microsoft Visual Studio Solution File, Format Version 12.00
# Visual Studio Version 17
VisualStudioVersion = 17.3.32825.248
MinimumVisualStudioVersion = 10.0.40219.1
Project("{FAE04EC0-301F-11D3-BF4B-00C04F79EFBC}") = "FinalTest4", "FinalTest4\FinalTest4.csproj", "{83061E2D-5B85-455C-AD88-77D8C299A6D6}"
EndProject
Global
	GlobalSection(SolutionConfigurationPlatforms) = preSolution
		Debug|Any CPU = Debug|Any CPU
		Release|Any CPU = Release|Any CPU
	EndGlobalSection
	GlobalSection(ProjectConfigurationPlatforms) = postSolution
		{83061E2D-5B85-455C-AD88-77D8C299A6D6}.Debug|Any CPU.ActiveCfg = Debug|Any CPU
		{83061E2D-5B85-455C-AD88-77D8C299A6D6}.Debug|Any CPU.Build.0 = Debug|Any CPU
		{83061E2D-5B85-455C-AD88-77D8C299A6D6}.Release|Any CPU.ActiveCfg = Release|Any CPU
		{83061E2D-5B85-455C-AD88-77D8C299A6D6}.Release|Any CPU.Build.0 = Release|Any CPU
	EndGlobalSection
	GlobalSection(SolutionProperties) = preSolution
		HideSolutionNode = FALSE
	EndGlobalSection
	GlobalSection(ExtensibilityGlobals) = postSolution
		SolutionGuid = {924A26C3-2CF8-4204-843A-4C474A748DD9}
	EndGlobalSection
EndGlobal
