
Microsoft Visual Studio Solution File, Format Version 12.00
# Visual Studio Version 17
VisualStudioVersion = 17.3.32825.248
MinimumVisualStudioVersion = 10.0.40219.1
Project("{FAE04EC0-301F-11D3-BF4B-00C04F79EFBC}") = "FinalTest1", "FinalTest1\FinalTest1.csproj", "{A2FD9ECD-72EF-4BB3-A4AE-D3211A8529BA}"
EndProject
Global
	GlobalSection(SolutionConfigurationPlatforms) = preSolution
		Debug|Any CPU = Debug|Any CPU
		Release|Any CPU = Release|Any CPU
	EndGlobalSection
	GlobalSection(ProjectConfigurationPlatforms) = postSolution
		{A2FD9ECD-72EF-4BB3-A4AE-D3211A8529BA}.Debug|Any CPU.ActiveCfg = Debug|Any CPU
		{A2FD9ECD-72EF-4BB3-A4AE-D3211A8529BA}.Debug|Any CPU.Build.0 = Debug|Any CPU
		{A2FD9ECD-72EF-4BB3-A4AE-D3211A8529BA}.Release|Any CPU.ActiveCfg = Release|Any CPU
		{A2FD9ECD-72EF-4BB3-A4AE-D3211A8529BA}.Release|Any CPU.Build.0 = Release|Any CPU
	EndGlobalSection
	GlobalSection(SolutionProperties) = preSolution
		HideSolutionNode = FALSE
	EndGlobalSection
	GlobalSection(ExtensibilityGlobals) = postSolution
		SolutionGuid = {98833D6B-2207-4B59-BCF6-C3EE00E36FB8}
	EndGlobalSection
EndGlobal
