
Microsoft Visual Studio Solution File, Format Version 12.00
# Visual Studio Version 17
VisualStudioVersion = 17.3.32825.248
MinimumVisualStudioVersion = 10.0.40219.1
Project("{FAE04EC0-301F-11D3-BF4B-00C04F79EFBC}") = "MiddleTest", "MiddleTest\MiddleTest.csproj", "{B77D736B-7E44-43E1-ABC6-60D3C2358800}"
EndProject
Project("{FAE04EC0-301F-11D3-BF4B-00C04F79EFBC}") = "ConsoleApp1", "ConsoleApp1\ConsoleApp1.csproj", "{B57228DB-7D88-4742-9656-D693FD5C26C3}"
EndProject
Project("{FAE04EC0-301F-11D3-BF4B-00C04F79EFBC}") = "midT", "midT\midT.csproj", "{AFA98944-DBC4-4CDF-94F7-3A45AB145C06}"
EndProject
Global
	GlobalSection(SolutionConfigurationPlatforms) = preSolution
		Debug|Any CPU = Debug|Any CPU
		Release|Any CPU = Release|Any CPU
	EndGlobalSection
	GlobalSection(ProjectConfigurationPlatforms) = postSolution
		{B77D736B-7E44-43E1-ABC6-60D3C2358800}.Debug|Any CPU.ActiveCfg = Debug|Any CPU
		{B77D736B-7E44-43E1-ABC6-60D3C2358800}.Debug|Any CPU.Build.0 = Debug|Any CPU
		{B77D736B-7E44-43E1-ABC6-60D3C2358800}.Release|Any CPU.ActiveCfg = Release|Any CPU
		{B77D736B-7E44-43E1-ABC6-60D3C2358800}.Release|Any CPU.Build.0 = Release|Any CPU
		{B57228DB-7D88-4742-9656-D693FD5C26C3}.Debug|Any CPU.ActiveCfg = Debug|Any CPU
		{B57228DB-7D88-4742-9656-D693FD5C26C3}.Debug|Any CPU.Build.0 = Debug|Any CPU
		{B57228DB-7D88-4742-9656-D693FD5C26C3}.Release|Any CPU.ActiveCfg = Release|Any CPU
		{B57228DB-7D88-4742-9656-D693FD5C26C3}.Release|Any CPU.Build.0 = Release|Any CPU
		{AFA98944-DBC4-4CDF-94F7-3A45AB145C06}.Debug|Any CPU.ActiveCfg = Debug|Any CPU
		{AFA98944-DBC4-4CDF-94F7-3A45AB145C06}.Debug|Any CPU.Build.0 = Debug|Any CPU
		{AFA98944-DBC4-4CDF-94F7-3A45AB145C06}.Release|Any CPU.ActiveCfg = Release|Any CPU
		{AFA98944-DBC4-4CDF-94F7-3A45AB145C06}.Release|Any CPU.Build.0 = Release|Any CPU
	EndGlobalSection
	GlobalSection(SolutionProperties) = preSolution
		HideSolutionNode = FALSE
	EndGlobalSection
	GlobalSection(ExtensibilityGlobals) = postSolution
		SolutionGuid = {5FCBEB04-A716-4690-B670-EF917C50200D}
	EndGlobalSection
EndGlobal
