
Microsoft Visual Studio Solution File, Format Version 12.00
# Visual Studio Version 17
VisualStudioVersion = 17.3.32825.248
MinimumVisualStudioVersion = 10.0.40219.1
Project("{FAE04EC0-301F-11D3-BF4B-00C04F79EFBC}") = "ComplexCir", "ComplexCir\ComplexCir.csproj", "{B9A4FBBE-BC54-4B22-BF16-266EBE8EA627}"
EndProject
Global
	GlobalSection(SolutionConfigurationPlatforms) = preSolution
		Debug|Any CPU = Debug|Any CPU
		Release|Any CPU = Release|Any CPU
	EndGlobalSection
	GlobalSection(ProjectConfigurationPlatforms) = postSolution
		{B9A4FBBE-BC54-4B22-BF16-266EBE8EA627}.Debug|Any CPU.ActiveCfg = Debug|Any CPU
		{B9A4FBBE-BC54-4B22-BF16-266EBE8EA627}.Debug|Any CPU.Build.0 = Debug|Any CPU
		{B9A4FBBE-BC54-4B22-BF16-266EBE8EA627}.Release|Any CPU.ActiveCfg = Release|Any CPU
		{B9A4FBBE-BC54-4B22-BF16-266EBE8EA627}.Release|Any CPU.Build.0 = Release|Any CPU
	EndGlobalSection
	GlobalSection(SolutionProperties) = preSolution
		HideSolutionNode = FALSE
	EndGlobalSection
	GlobalSection(ExtensibilityGlobals) = postSolution
		SolutionGuid = {F71815A9-8477-4BD2-AFBE-826C22A353D3}
	EndGlobalSection
EndGlobal
