
Microsoft Visual Studio Solution File, Format Version 12.00
# Visual Studio Version 17
VisualStudioVersion = 17.3.32825.248
MinimumVisualStudioVersion = 10.0.40219.1
Project("{FAE04EC0-301F-11D3-BF4B-00C04F79EFBC}") = "Winform1", "Chapter7_winform\Winform1.csproj", "{E0421D12-62F2-4995-A323-E12A6D23DCED}"
EndProject
Project("{FAE04EC0-301F-11D3-BF4B-00C04F79EFBC}") = "Winform2", "Winfrom2\Winform2.csproj", "{24F561A3-7807-4A59-B5CC-83E0D5459B7B}"
EndProject
Project("{FAE04EC0-301F-11D3-BF4B-00C04F79EFBC}") = "Winform3", "Winfrom3\Winform3.csproj", "{388C1092-7CDC-471D-8B82-9A6978744DDF}"
EndProject
Project("{FAE04EC0-301F-11D3-BF4B-00C04F79EFBC}") = "Winform4", "Wonform4\Winform4.csproj", "{D68512AA-488D-488E-95C4-38663A173986}"
EndProject
Project("{FAE04EC0-301F-11D3-BF4B-00C04F79EFBC}") = "Winform5", "Winform5\Winform5.csproj", "{07631E64-0222-4786-A2F1-797F50480329}"
EndProject
Global
	GlobalSection(SolutionConfigurationPlatforms) = preSolution
		Debug|Any CPU = Debug|Any CPU
		Release|Any CPU = Release|Any CPU
	EndGlobalSection
	GlobalSection(ProjectConfigurationPlatforms) = postSolution
		{E0421D12-62F2-4995-A323-E12A6D23DCED}.Debug|Any CPU.ActiveCfg = Debug|Any CPU
		{E0421D12-62F2-4995-A323-E12A6D23DCED}.Debug|Any CPU.Build.0 = Debug|Any CPU
		{E0421D12-62F2-4995-A323-E12A6D23DCED}.Release|Any CPU.ActiveCfg = Release|Any CPU
		{E0421D12-62F2-4995-A323-E12A6D23DCED}.Release|Any CPU.Build.0 = Release|Any CPU
		{24F561A3-7807-4A59-B5CC-83E0D5459B7B}.Debug|Any CPU.ActiveCfg = Debug|Any CPU
		{24F561A3-7807-4A59-B5CC-83E0D5459B7B}.Debug|Any CPU.Build.0 = Debug|Any CPU
		{24F561A3-7807-4A59-B5CC-83E0D5459B7B}.Release|Any CPU.ActiveCfg = Release|Any CPU
		{24F561A3-7807-4A59-B5CC-83E0D5459B7B}.Release|Any CPU.Build.0 = Release|Any CPU
		{388C1092-7CDC-471D-8B82-9A6978744DDF}.Debug|Any CPU.ActiveCfg = Debug|Any CPU
		{388C1092-7CDC-471D-8B82-9A6978744DDF}.Debug|Any CPU.Build.0 = Debug|Any CPU
		{388C1092-7CDC-471D-8B82-9A6978744DDF}.Release|Any CPU.ActiveCfg = Release|Any CPU
		{388C1092-7CDC-471D-8B82-9A6978744DDF}.Release|Any CPU.Build.0 = Release|Any CPU
		{D68512AA-488D-488E-95C4-38663A173986}.Debug|Any CPU.ActiveCfg = Debug|Any CPU
		{D68512AA-488D-488E-95C4-38663A173986}.Debug|Any CPU.Build.0 = Debug|Any CPU
		{D68512AA-488D-488E-95C4-38663A173986}.Release|Any CPU.ActiveCfg = Release|Any CPU
		{D68512AA-488D-488E-95C4-38663A173986}.Release|Any CPU.Build.0 = Release|Any CPU
		{07631E64-0222-4786-A2F1-797F50480329}.Debug|Any CPU.ActiveCfg = Debug|Any CPU
		{07631E64-0222-4786-A2F1-797F50480329}.Debug|Any CPU.Build.0 = Debug|Any CPU
		{07631E64-0222-4786-A2F1-797F50480329}.Release|Any CPU.ActiveCfg = Release|Any CPU
		{07631E64-0222-4786-A2F1-797F50480329}.Release|Any CPU.Build.0 = Release|Any CPU
	EndGlobalSection
	GlobalSection(SolutionProperties) = preSolution
		HideSolutionNode = FALSE
	EndGlobalSection
	GlobalSection(ExtensibilityGlobals) = postSolution
		SolutionGuid = {BAAF36F2-384F-4788-9DB0-15CD17492333}
	EndGlobalSection
EndGlobal
