
Microsoft Visual Studio Solution File, Format Version 12.00
# Visual Studio Version 17
VisualStudioVersion = 17.3.32825.248
MinimumVisualStudioVersion = 10.0.40219.1
Project("{FAE04EC0-301F-11D3-BF4B-00C04F79EFBC}") = "Problem12_5_7", "Problem12_5_7\Problem12_5_7.csproj", "{318CD67A-65D7-49AA-B27E-D57783E57CE9}"
EndProject
Global
	GlobalSection(SolutionConfigurationPlatforms) = preSolution
		Debug|Any CPU = Debug|Any CPU
		Release|Any CPU = Release|Any CPU
	EndGlobalSection
	GlobalSection(ProjectConfigurationPlatforms) = postSolution
		{318CD67A-65D7-49AA-B27E-D57783E57CE9}.Debug|Any CPU.ActiveCfg = Debug|Any CPU
		{318CD67A-65D7-49AA-B27E-D57783E57CE9}.Debug|Any CPU.Build.0 = Debug|Any CPU
		{318CD67A-65D7-49AA-B27E-D57783E57CE9}.Release|Any CPU.ActiveCfg = Release|Any CPU
		{318CD67A-65D7-49AA-B27E-D57783E57CE9}.Release|Any CPU.Build.0 = Release|Any CPU
	EndGlobalSection
	GlobalSection(SolutionProperties) = preSolution
		HideSolutionNode = FALSE
	EndGlobalSection
	GlobalSection(ExtensibilityGlobals) = postSolution
		SolutionGuid = {3207D5A8-2A26-417F-B559-3A3DDF050C55}
	EndGlobalSection
EndGlobal
