
Microsoft Visual Studio Solution File, Format Version 12.00
# Visual Studio Version 17
VisualStudioVersion = 17.3.32825.248
MinimumVisualStudioVersion = 10.0.40219.1
Project("{FAE04EC0-301F-11D3-BF4B-00C04F79EFBC}") = "Chapter3", "Chapter3\Chapter3.csproj", "{DCC23760-CB71-40A6-B902-F8B65A8D7E3E}"
EndProject
Global
	GlobalSection(SolutionConfigurationPlatforms) = preSolution
		Debug|Any CPU = Debug|Any CPU
		Release|Any CPU = Release|Any CPU
	EndGlobalSection
	GlobalSection(ProjectConfigurationPlatforms) = postSolution
		{DCC23760-CB71-40A6-B902-F8B65A8D7E3E}.Debug|Any CPU.ActiveCfg = Debug|Any CPU
		{DCC23760-CB71-40A6-B902-F8B65A8D7E3E}.Debug|Any CPU.Build.0 = Debug|Any CPU
		{DCC23760-CB71-40A6-B902-F8B65A8D7E3E}.Release|Any CPU.ActiveCfg = Release|Any CPU
		{DCC23760-CB71-40A6-B902-F8B65A8D7E3E}.Release|Any CPU.Build.0 = Release|Any CPU
	EndGlobalSection
	GlobalSection(SolutionProperties) = preSolution
		HideSolutionNode = FALSE
	EndGlobalSection
	GlobalSection(ExtensibilityGlobals) = postSolution
		SolutionGuid = {16930DAA-539C-4B21-A757-36A52D064593}
	EndGlobalSection
EndGlobal
