
Microsoft Visual Studio Solution File, Format Version 12.00
# Visual Studio Version 17
VisualStudioVersion = 17.3.32825.248
MinimumVisualStudioVersion = 10.0.40219.1
Project("{FAE04EC0-301F-11D3-BF4B-00C04F79EFBC}") = "Problem9_2", "Problem9_2\Problem9_2.csproj", "{48AA4BC6-E569-4820-BDF2-0BBE091C1288}"
EndProject
Global
	GlobalSection(SolutionConfigurationPlatforms) = preSolution
		Debug|Any CPU = Debug|Any CPU
		Release|Any CPU = Release|Any CPU
	EndGlobalSection
	GlobalSection(ProjectConfigurationPlatforms) = postSolution
		{48AA4BC6-E569-4820-BDF2-0BBE091C1288}.Debug|Any CPU.ActiveCfg = Debug|Any CPU
		{48AA4BC6-E569-4820-BDF2-0BBE091C1288}.Debug|Any CPU.Build.0 = Debug|Any CPU
		{48AA4BC6-E569-4820-BDF2-0BBE091C1288}.Release|Any CPU.ActiveCfg = Release|Any CPU
		{48AA4BC6-E569-4820-BDF2-0BBE091C1288}.Release|Any CPU.Build.0 = Release|Any CPU
	EndGlobalSection
	GlobalSection(SolutionProperties) = preSolution
		HideSolutionNode = FALSE
	EndGlobalSection
	GlobalSection(ExtensibilityGlobals) = postSolution
		SolutionGuid = {CDCCBF15-D7F8-49E5-8056-759CCBF46378}
	EndGlobalSection
EndGlobal
