
Microsoft Visual Studio Solution File, Format Version 12.00
# Visual Studio Version 17
VisualStudioVersion = 17.3.32825.248
MinimumVisualStudioVersion = 10.0.40219.1
Project("{FAE04EC0-301F-11D3-BF4B-00C04F79EFBC}") = "Ex1_Menu", "Ex1_Menu\Ex1_Menu.csproj", "{469E0FFB-D5ED-4413-95EA-492AFA208B98}"
EndProject
Project("{FAE04EC0-301F-11D3-BF4B-00C04F79EFBC}") = "Ex2_Mouse", "Ex2_Mouse\Ex2_Mouse.csproj", "{22AD6816-561F-46E9-8B5A-5BCE808B3CE7}"
EndProject
Global
	GlobalSection(SolutionConfigurationPlatforms) = preSolution
		Debug|Any CPU = Debug|Any CPU
		Release|Any CPU = Release|Any CPU
	EndGlobalSection
	GlobalSection(ProjectConfigurationPlatforms) = postSolution
		{469E0FFB-D5ED-4413-95EA-492AFA208B98}.Debug|Any CPU.ActiveCfg = Debug|Any CPU
		{469E0FFB-D5ED-4413-95EA-492AFA208B98}.Debug|Any CPU.Build.0 = Debug|Any CPU
		{469E0FFB-D5ED-4413-95EA-492AFA208B98}.Release|Any CPU.ActiveCfg = Release|Any CPU
		{469E0FFB-D5ED-4413-95EA-492AFA208B98}.Release|Any CPU.Build.0 = Release|Any CPU
		{22AD6816-561F-46E9-8B5A-5BCE808B3CE7}.Debug|Any CPU.ActiveCfg = Debug|Any CPU
		{22AD6816-561F-46E9-8B5A-5BCE808B3CE7}.Debug|Any CPU.Build.0 = Debug|Any CPU
		{22AD6816-561F-46E9-8B5A-5BCE808B3CE7}.Release|Any CPU.ActiveCfg = Release|Any CPU
		{22AD6816-561F-46E9-8B5A-5BCE808B3CE7}.Release|Any CPU.Build.0 = Release|Any CPU
	EndGlobalSection
	GlobalSection(SolutionProperties) = preSolution
		HideSolutionNode = FALSE
	EndGlobalSection
	GlobalSection(ExtensibilityGlobals) = postSolution
		SolutionGuid = {1E974146-6CF7-4BB1-B710-C46E4ECF3940}
	EndGlobalSection
EndGlobal
