
Microsoft Visual Studio Solution File, Format Version 12.00
# Visual Studio Version 17
VisualStudioVersion = 17.3.32825.248
MinimumVisualStudioVersion = 10.0.40219.1
Project("{FAE04EC0-301F-11D3-BF4B-00C04F79EFBC}") = "Problem10_4", "Problem10_4\Problem10_4.csproj", "{5A6E2E25-4AE2-4068-B792-3F7C6389E9B5}"
EndProject
Global
	GlobalSection(SolutionConfigurationPlatforms) = preSolution
		Debug|Any CPU = Debug|Any CPU
		Release|Any CPU = Release|Any CPU
	EndGlobalSection
	GlobalSection(ProjectConfigurationPlatforms) = postSolution
		{5A6E2E25-4AE2-4068-B792-3F7C6389E9B5}.Debug|Any CPU.ActiveCfg = Debug|Any CPU
		{5A6E2E25-4AE2-4068-B792-3F7C6389E9B5}.Debug|Any CPU.Build.0 = Debug|Any CPU
		{5A6E2E25-4AE2-4068-B792-3F7C6389E9B5}.Release|Any CPU.ActiveCfg = Release|Any CPU
		{5A6E2E25-4AE2-4068-B792-3F7C6389E9B5}.Release|Any CPU.Build.0 = Release|Any CPU
	EndGlobalSection
	GlobalSection(SolutionProperties) = preSolution
		HideSolutionNode = FALSE
	EndGlobalSection
	GlobalSection(ExtensibilityGlobals) = postSolution
		SolutionGuid = {A12CF36B-1F91-42CD-87BA-0448E225E6EC}
	EndGlobalSection
EndGlobal
