
Microsoft Visual Studio Solution File, Format Version 12.00
# Visual Studio Version 17
VisualStudioVersion = 17.3.32825.248
MinimumVisualStudioVersion = 10.0.40219.1
Project("{FAE04EC0-301F-11D3-BF4B-00C04F79EFBC}") = "didi", "didi\didi.csproj", "{28A88A97-4659-488E-92F8-FD9EDC21E849}"
EndProject
Project("{FAE04EC0-301F-11D3-BF4B-00C04F79EFBC}") = "d2", "d2\d2.csproj", "{A6836466-4DE4-4874-A76B-31B5344E631B}"
EndProject
Project("{FAE04EC0-301F-11D3-BF4B-00C04F79EFBC}") = "problem9_6_3", "problem9_6_3\problem9_6_3.csproj", "{F22A8A49-3B4B-425B-8469-0C47E5F9EA96}"
EndProject
Project("{FAE04EC0-301F-11D3-BF4B-00C04F79EFBC}") = "problem9_6_4", "problem9_6_4\problem9_6_4.csproj", "{2D83C022-DCB8-4A4E-A071-D7469F609B51}"
EndProject
Project("{FAE04EC0-301F-11D3-BF4B-00C04F79EFBC}") = "problem9_6_5", "problem9_6_5\problem9_6_5.csproj", "{C94D3799-B6F9-45EA-93F4-F9C5CFEE2D54}"
EndProject
Global
	GlobalSection(SolutionConfigurationPlatforms) = preSolution
		Debug|Any CPU = Debug|Any CPU
		Release|Any CPU = Release|Any CPU
	EndGlobalSection
	GlobalSection(ProjectConfigurationPlatforms) = postSolution
		{28A88A97-4659-488E-92F8-FD9EDC21E849}.Debug|Any CPU.ActiveCfg = Debug|Any CPU
		{28A88A97-4659-488E-92F8-FD9EDC21E849}.Debug|Any CPU.Build.0 = Debug|Any CPU
		{28A88A97-4659-488E-92F8-FD9EDC21E849}.Release|Any CPU.ActiveCfg = Release|Any CPU
		{28A88A97-4659-488E-92F8-FD9EDC21E849}.Release|Any CPU.Build.0 = Release|Any CPU
		{A6836466-4DE4-4874-A76B-31B5344E631B}.Debug|Any CPU.ActiveCfg = Debug|Any CPU
		{A6836466-4DE4-4874-A76B-31B5344E631B}.Debug|Any CPU.Build.0 = Debug|Any CPU
		{A6836466-4DE4-4874-A76B-31B5344E631B}.Release|Any CPU.ActiveCfg = Release|Any CPU
		{A6836466-4DE4-4874-A76B-31B5344E631B}.Release|Any CPU.Build.0 = Release|Any CPU
		{F22A8A49-3B4B-425B-8469-0C47E5F9EA96}.Debug|Any CPU.ActiveCfg = Debug|Any CPU
		{F22A8A49-3B4B-425B-8469-0C47E5F9EA96}.Debug|Any CPU.Build.0 = Debug|Any CPU
		{F22A8A49-3B4B-425B-8469-0C47E5F9EA96}.Release|Any CPU.ActiveCfg = Release|Any CPU
		{F22A8A49-3B4B-425B-8469-0C47E5F9EA96}.Release|Any CPU.Build.0 = Release|Any CPU
		{2D83C022-DCB8-4A4E-A071-D7469F609B51}.Debug|Any CPU.ActiveCfg = Debug|Any CPU
		{2D83C022-DCB8-4A4E-A071-D7469F609B51}.Debug|Any CPU.Build.0 = Debug|Any CPU
		{2D83C022-DCB8-4A4E-A071-D7469F609B51}.Release|Any CPU.ActiveCfg = Release|Any CPU
		{2D83C022-DCB8-4A4E-A071-D7469F609B51}.Release|Any CPU.Build.0 = Release|Any CPU
		{C94D3799-B6F9-45EA-93F4-F9C5CFEE2D54}.Debug|Any CPU.ActiveCfg = Debug|Any CPU
		{C94D3799-B6F9-45EA-93F4-F9C5CFEE2D54}.Debug|Any CPU.Build.0 = Debug|Any CPU
		{C94D3799-B6F9-45EA-93F4-F9C5CFEE2D54}.Release|Any CPU.ActiveCfg = Release|Any CPU
		{C94D3799-B6F9-45EA-93F4-F9C5CFEE2D54}.Release|Any CPU.Build.0 = Release|Any CPU
	EndGlobalSection
	GlobalSection(SolutionProperties) = preSolution
		HideSolutionNode = FALSE
	EndGlobalSection
	GlobalSection(ExtensibilityGlobals) = postSolution
		SolutionGuid = {87D4571D-94F9-4C04-8100-685FFECB9F60}
	EndGlobalSection
EndGlobal
