
Microsoft Visual Studio Solution File, Format Version 12.00
# Visual Studio Version 17
VisualStudioVersion = 17.3.32825.248
MinimumVisualStudioVersion = 10.0.40219.1
Project("{FAE04EC0-301F-11D3-BF4B-00C04F79EFBC}") = "Chapter6", "Chapter6\Chapter6.csproj", "{15167FE2-BFFD-4CA4-AFF8-E689F8CD174F}"
EndProject
Global
	GlobalSection(SolutionConfigurationPlatforms) = preSolution
		Debug|Any CPU = Debug|Any CPU
		Release|Any CPU = Release|Any CPU
	EndGlobalSection
	GlobalSection(ProjectConfigurationPlatforms) = postSolution
		{15167FE2-BFFD-4CA4-AFF8-E689F8CD174F}.Debug|Any CPU.ActiveCfg = Debug|Any CPU
		{15167FE2-BFFD-4CA4-AFF8-E689F8CD174F}.Debug|Any CPU.Build.0 = Debug|Any CPU
		{15167FE2-BFFD-4CA4-AFF8-E689F8CD174F}.Release|Any CPU.ActiveCfg = Release|Any CPU
		{15167FE2-BFFD-4CA4-AFF8-E689F8CD174F}.Release|Any CPU.Build.0 = Release|Any CPU
	EndGlobalSection
	GlobalSection(SolutionProperties) = preSolution
		HideSolutionNode = FALSE
	EndGlobalSection
	GlobalSection(ExtensibilityGlobals) = postSolution
		SolutionGuid = {006BB86D-10D4-44EC-8876-B47A74F51E61}
	EndGlobalSection
EndGlobal
