
Microsoft Visual Studio Solution File, Format Version 12.00
# Visual Studio Version 17
VisualStudioVersion = 17.3.32825.248
MinimumVisualStudioVersion = 10.0.40219.1
Project("{FAE04EC0-301F-11D3-BF4B-00C04F79EFBC}") = "project", "project\project.csproj", "{10859B18-D501-43A9-A8DC-9A212D3DDD29}"
EndProject
Global
	GlobalSection(SolutionConfigurationPlatforms) = preSolution
		Debug|Any CPU = Debug|Any CPU
		Release|Any CPU = Release|Any CPU
	EndGlobalSection
	GlobalSection(ProjectConfigurationPlatforms) = postSolution
		{10859B18-D501-43A9-A8DC-9A212D3DDD29}.Debug|Any CPU.ActiveCfg = Debug|Any CPU
		{10859B18-D501-43A9-A8DC-9A212D3DDD29}.Debug|Any CPU.Build.0 = Debug|Any CPU
		{10859B18-D501-43A9-A8DC-9A212D3DDD29}.Release|Any CPU.ActiveCfg = Release|Any CPU
		{10859B18-D501-43A9-A8DC-9A212D3DDD29}.Release|Any CPU.Build.0 = Release|Any CPU
	EndGlobalSection
	GlobalSection(SolutionProperties) = preSolution
		HideSolutionNode = FALSE
	EndGlobalSection
	GlobalSection(ExtensibilityGlobals) = postSolution
		SolutionGuid = {658DBBF2-43B2-462A-873D-BC27A6B3A246}
	EndGlobalSection
EndGlobal
