
Microsoft Visual Studio Solution File, Format Version 12.00
# Visual Studio Version 17
VisualStudioVersion = 17.3.32825.248
MinimumVisualStudioVersion = 10.0.40219.1
Project("{FAE04EC0-301F-11D3-BF4B-00C04F79EFBC}") = "CalculatorApp", "CalculatorApp\CalculatorApp.csproj", "{024EB2A2-24A6-4406-B980-C6C6219DB413}"
EndProject
Global
	GlobalSection(SolutionConfigurationPlatforms) = preSolution
		Debug|Any CPU = Debug|Any CPU
		Release|Any CPU = Release|Any CPU
	EndGlobalSection
	GlobalSection(ProjectConfigurationPlatforms) = postSolution
		{024EB2A2-24A6-4406-B980-C6C6219DB413}.Debug|Any CPU.ActiveCfg = Debug|Any CPU
		{024EB2A2-24A6-4406-B980-C6C6219DB413}.Debug|Any CPU.Build.0 = Debug|Any CPU
		{024EB2A2-24A6-4406-B980-C6C6219DB413}.Release|Any CPU.ActiveCfg = Release|Any CPU
		{024EB2A2-24A6-4406-B980-C6C6219DB413}.Release|Any CPU.Build.0 = Release|Any CPU
	EndGlobalSection
	GlobalSection(SolutionProperties) = preSolution
		HideSolutionNode = FALSE
	EndGlobalSection
	GlobalSection(ExtensibilityGlobals) = postSolution
		SolutionGuid = {5776E8E9-71A9-427A-9AFB-3C51F8453E66}
	EndGlobalSection
EndGlobal
