
Microsoft Visual Studio Solution File, Format Version 12.00
# Visual Studio Version 17
VisualStudioVersion = 17.3.32825.248
MinimumVisualStudioVersion = 10.0.40219.1
Project("{FAE04EC0-301F-11D3-BF4B-00C04F79EFBC}") = "Ex1_HatchBrushApp", "Chapter12\Ex1_HatchBrushApp.csproj", "{EE8E9560-2E01-4938-8426-81A57332E0F2}"
EndProject
Project("{FAE04EC0-301F-11D3-BF4B-00C04F79EFBC}") = "Ex2_LinearGradientApp", "Ex2\Ex2_LinearGradientApp.csproj", "{7FFA28EB-F0A6-40A9-8851-1724F17598F5}"
EndProject
Project("{FAE04EC0-301F-11D3-BF4B-00C04F79EFBC}") = "Ex3_PathGradientBrushApp", "Ex3\Ex3_PathGradientBrushApp.csproj", "{26827962-3E13-4B8E-B359-BCEAE10FFCD6}"
EndProject
Project("{FAE04EC0-301F-11D3-BF4B-00C04F79EFBC}") = "Ex4_FontApp", "Ex4_FontApp\Ex4_FontApp.csproj", "{EEBFC580-8304-499D-894C-F1CE7A19A992}"
EndProject
Project("{FAE04EC0-301F-11D3-BF4B-00C04F79EFBC}") = "Ex5_DrawLineApp", "Ex5_DrawLineApp\Ex5_DrawLineApp.csproj", "{04F70407-F3D9-4413-A2E3-28F9A457176C}"
EndProject
Global
	GlobalSection(SolutionConfigurationPlatforms) = preSolution
		Debug|Any CPU = Debug|Any CPU
		Release|Any CPU = Release|Any CPU
	EndGlobalSection
	GlobalSection(ProjectConfigurationPlatforms) = postSolution
		{EE8E9560-2E01-4938-8426-81A57332E0F2}.Debug|Any CPU.ActiveCfg = Debug|Any CPU
		{EE8E9560-2E01-4938-8426-81A57332E0F2}.Debug|Any CPU.Build.0 = Debug|Any CPU
		{EE8E9560-2E01-4938-8426-81A57332E0F2}.Release|Any CPU.ActiveCfg = Release|Any CPU
		{EE8E9560-2E01-4938-8426-81A57332E0F2}.Release|Any CPU.Build.0 = Release|Any CPU
		{7FFA28EB-F0A6-40A9-8851-1724F17598F5}.Debug|Any CPU.ActiveCfg = Debug|Any CPU
		{7FFA28EB-F0A6-40A9-8851-1724F17598F5}.Debug|Any CPU.Build.0 = Debug|Any CPU
		{7FFA28EB-F0A6-40A9-8851-1724F17598F5}.Release|Any CPU.ActiveCfg = Release|Any CPU
		{7FFA28EB-F0A6-40A9-8851-1724F17598F5}.Release|Any CPU.Build.0 = Release|Any CPU
		{26827962-3E13-4B8E-B359-BCEAE10FFCD6}.Debug|Any CPU.ActiveCfg = Debug|Any CPU
		{26827962-3E13-4B8E-B359-BCEAE10FFCD6}.Debug|Any CPU.Build.0 = Debug|Any CPU
		{26827962-3E13-4B8E-B359-BCEAE10FFCD6}.Release|Any CPU.ActiveCfg = Release|Any CPU
		{26827962-3E13-4B8E-B359-BCEAE10FFCD6}.Release|Any CPU.Build.0 = Release|Any CPU
		{EEBFC580-8304-499D-894C-F1CE7A19A992}.Debug|Any CPU.ActiveCfg = Debug|Any CPU
		{EEBFC580-8304-499D-894C-F1CE7A19A992}.Debug|Any CPU.Build.0 = Debug|Any CPU
		{EEBFC580-8304-499D-894C-F1CE7A19A992}.Release|Any CPU.ActiveCfg = Release|Any CPU
		{EEBFC580-8304-499D-894C-F1CE7A19A992}.Release|Any CPU.Build.0 = Release|Any CPU
		{04F70407-F3D9-4413-A2E3-28F9A457176C}.Debug|Any CPU.ActiveCfg = Debug|Any CPU
		{04F70407-F3D9-4413-A2E3-28F9A457176C}.Debug|Any CPU.Build.0 = Debug|Any CPU
		{04F70407-F3D9-4413-A2E3-28F9A457176C}.Release|Any CPU.ActiveCfg = Release|Any CPU
		{04F70407-F3D9-4413-A2E3-28F9A457176C}.Release|Any CPU.Build.0 = Release|Any CPU
	EndGlobalSection
	GlobalSection(SolutionProperties) = preSolution
		HideSolutionNode = FALSE
	EndGlobalSection
	GlobalSection(ExtensibilityGlobals) = postSolution
		SolutionGuid = {7BD935BF-EC31-4795-9E72-1256BD9230B7}
	EndGlobalSection
EndGlobal
