
Microsoft Visual Studio Solution File, Format Version 12.00
# Visual Studio Version 17
VisualStudioVersion = 17.3.32825.248
MinimumVisualStudioVersion = 10.0.40219.1
Project("{FAE04EC0-301F-11D3-BF4B-00C04F79EFBC}") = "problem7_1", "Chapter8\problem7_1.csproj", "{86AB2617-D32C-42CE-9C49-678E6D9BCC2E}"
EndProject
Project("{FAE04EC0-301F-11D3-BF4B-00C04F79EFBC}") = "problem7_2", "problem7_2\problem7_2.csproj", "{8ECD38F4-FE30-4141-AC06-B16A446631C7}"
EndProject
Project("{FAE04EC0-301F-11D3-BF4B-00C04F79EFBC}") = "problem7_3", "problem7_3\problem7_3.csproj", "{757BB459-5319-495D-8C4C-1DAC8148D18B}"
EndProject
Project("{FAE04EC0-301F-11D3-BF4B-00C04F79EFBC}") = "problem7_4", "problem7_4\problem7_4.csproj", "{8C041638-D75A-4F0B-B84C-42BF8A25677D}"
EndProject
Global
	GlobalSection(SolutionConfigurationPlatforms) = preSolution
		Debug|Any CPU = Debug|Any CPU
		Release|Any CPU = Release|Any CPU
	EndGlobalSection
	GlobalSection(ProjectConfigurationPlatforms) = postSolution
		{86AB2617-D32C-42CE-9C49-678E6D9BCC2E}.Debug|Any CPU.ActiveCfg = Debug|Any CPU
		{86AB2617-D32C-42CE-9C49-678E6D9BCC2E}.Debug|Any CPU.Build.0 = Debug|Any CPU
		{86AB2617-D32C-42CE-9C49-678E6D9BCC2E}.Release|Any CPU.ActiveCfg = Release|Any CPU
		{86AB2617-D32C-42CE-9C49-678E6D9BCC2E}.Release|Any CPU.Build.0 = Release|Any CPU
		{8ECD38F4-FE30-4141-AC06-B16A446631C7}.Debug|Any CPU.ActiveCfg = Debug|Any CPU
		{8ECD38F4-FE30-4141-AC06-B16A446631C7}.Debug|Any CPU.Build.0 = Debug|Any CPU
		{8ECD38F4-FE30-4141-AC06-B16A446631C7}.Release|Any CPU.ActiveCfg = Release|Any CPU
		{8ECD38F4-FE30-4141-AC06-B16A446631C7}.Release|Any CPU.Build.0 = Release|Any CPU
		{757BB459-5319-495D-8C4C-1DAC8148D18B}.Debug|Any CPU.ActiveCfg = Debug|Any CPU
		{757BB459-5319-495D-8C4C-1DAC8148D18B}.Debug|Any CPU.Build.0 = Debug|Any CPU
		{757BB459-5319-495D-8C4C-1DAC8148D18B}.Release|Any CPU.ActiveCfg = Release|Any CPU
		{757BB459-5319-495D-8C4C-1DAC8148D18B}.Release|Any CPU.Build.0 = Release|Any CPU
		{8C041638-D75A-4F0B-B84C-42BF8A25677D}.Debug|Any CPU.ActiveCfg = Debug|Any CPU
		{8C041638-D75A-4F0B-B84C-42BF8A25677D}.Debug|Any CPU.Build.0 = Debug|Any CPU
		{8C041638-D75A-4F0B-B84C-42BF8A25677D}.Release|Any CPU.ActiveCfg = Release|Any CPU
		{8C041638-D75A-4F0B-B84C-42BF8A25677D}.Release|Any CPU.Build.0 = Release|Any CPU
	EndGlobalSection
	GlobalSection(SolutionProperties) = preSolution
		HideSolutionNode = FALSE
	EndGlobalSection
	GlobalSection(ExtensibilityGlobals) = postSolution
		SolutionGuid = {54AF7864-391F-4999-BBB8-022E94B63A1D}
	EndGlobalSection
EndGlobal
