
Microsoft Visual Studio Solution File, Format Version 12.00
# Visual Studio Version 17
VisualStudioVersion = 17.3.32825.248
MinimumVisualStudioVersion = 10.0.40219.1
Project("{FAE04EC0-301F-11D3-BF4B-00C04F79EFBC}") = "P2", "P2\P2.csproj", "{F971243A-0B90-45F0-84DC-A4A8A5F784BB}"
EndProject
Global
	GlobalSection(SolutionConfigurationPlatforms) = preSolution
		Debug|Any CPU = Debug|Any CPU
		Release|Any CPU = Release|Any CPU
	EndGlobalSection
	GlobalSection(ProjectConfigurationPlatforms) = postSolution
		{F971243A-0B90-45F0-84DC-A4A8A5F784BB}.Debug|Any CPU.ActiveCfg = Debug|Any CPU
		{F971243A-0B90-45F0-84DC-A4A8A5F784BB}.Debug|Any CPU.Build.0 = Debug|Any CPU
		{F971243A-0B90-45F0-84DC-A4A8A5F784BB}.Release|Any CPU.ActiveCfg = Release|Any CPU
		{F971243A-0B90-45F0-84DC-A4A8A5F784BB}.Release|Any CPU.Build.0 = Release|Any CPU
	EndGlobalSection
	GlobalSection(SolutionProperties) = preSolution
		HideSolutionNode = FALSE
	EndGlobalSection
	GlobalSection(ExtensibilityGlobals) = postSolution
		SolutionGuid = {DA831F39-CB19-4AFF-AA53-6D90D7308ECE}
	EndGlobalSection
EndGlobal
