
Microsoft Visual Studio Solution File, Format Version 12.00
# Visual Studio Version 17
VisualStudioVersion = 17.3.32825.248
MinimumVisualStudioVersion = 10.0.40219.1
Project("{FAE04EC0-301F-11D3-BF4B-00C04F79EFBC}") = "MiddleTest3", "MiddleTest3\MiddleTest3.csproj", "{3996FBCA-8B82-43A4-B737-98C6242804C0}"
EndProject
Global
	GlobalSection(SolutionConfigurationPlatforms) = preSolution
		Debug|Any CPU = Debug|Any CPU
		Release|Any CPU = Release|Any CPU
	EndGlobalSection
	GlobalSection(ProjectConfigurationPlatforms) = postSolution
		{3996FBCA-8B82-43A4-B737-98C6242804C0}.Debug|Any CPU.ActiveCfg = Debug|Any CPU
		{3996FBCA-8B82-43A4-B737-98C6242804C0}.Debug|Any CPU.Build.0 = Debug|Any CPU
		{3996FBCA-8B82-43A4-B737-98C6242804C0}.Release|Any CPU.ActiveCfg = Release|Any CPU
		{3996FBCA-8B82-43A4-B737-98C6242804C0}.Release|Any CPU.Build.0 = Release|Any CPU
	EndGlobalSection
	GlobalSection(SolutionProperties) = preSolution
		HideSolutionNode = FALSE
	EndGlobalSection
	GlobalSection(ExtensibilityGlobals) = postSolution
		SolutionGuid = {CD2AA290-A89E-4DA4-96A9-D3AF37BD867D}
	EndGlobalSection
EndGlobal
