
Microsoft Visual Studio Solution File, Format Version 12.00
# Visual Studio Version 17
VisualStudioVersion = 17.3.32825.248
MinimumVisualStudioVersion = 10.0.40219.1
Project("{FAE04EC0-301F-11D3-BF4B-00C04F79EFBC}") = "Problem11_8_1", "Problem11_8_1\Problem11_8_1.csproj", "{6A7C4632-E65B-4A00-9153-F3533D48CADB}"
EndProject
Global
	GlobalSection(SolutionConfigurationPlatforms) = preSolution
		Debug|Any CPU = Debug|Any CPU
		Release|Any CPU = Release|Any CPU
	EndGlobalSection
	GlobalSection(ProjectConfigurationPlatforms) = postSolution
		{6A7C4632-E65B-4A00-9153-F3533D48CADB}.Debug|Any CPU.ActiveCfg = Debug|Any CPU
		{6A7C4632-E65B-4A00-9153-F3533D48CADB}.Debug|Any CPU.Build.0 = Debug|Any CPU
		{6A7C4632-E65B-4A00-9153-F3533D48CADB}.Release|Any CPU.ActiveCfg = Release|Any CPU
		{6A7C4632-E65B-4A00-9153-F3533D48CADB}.Release|Any CPU.Build.0 = Release|Any CPU
	EndGlobalSection
	GlobalSection(SolutionProperties) = preSolution
		HideSolutionNode = FALSE
	EndGlobalSection
	GlobalSection(ExtensibilityGlobals) = postSolution
		SolutionGuid = {B9AD80EE-E9E6-44DF-9A9E-47A578454AEB}
	EndGlobalSection
EndGlobal
